
Microsoft Visual Studio Solution File, Format Version 12.00
# Visual Studio Version 16
VisualStudioVersion = 16.0.29306.81
MinimumVisualStudioVersion = 10.0.40219.1
Project("{FAE04EC0-301F-11D3-BF4B-00C04F79EFBC}") = "The Presentation Layer  Managing the stock of bikes", "The Presentation Layer  Managing the stock of bikes\The Presentation Layer  Managing the stock of bikes.csproj", "{E64B3B37-33D2-486A-9656-0DF6515CC01D}"
EndProject
Global
	GlobalSection(SolutionConfigurationPlatforms) = preSolution
		Debug|Any CPU = Debug|Any CPU
		Release|Any CPU = Release|Any CPU
	EndGlobalSection
	GlobalSection(ProjectConfigurationPlatforms) = postSolution
		{E64B3B37-33D2-486A-9656-0DF6515CC01D}.Debug|Any CPU.ActiveCfg = Debug|Any CPU
		{E64B3B37-33D2-486A-9656-0DF6515CC01D}.Debug|Any CPU.Build.0 = Debug|Any CPU
		{E64B3B37-33D2-486A-9656-0DF6515CC01D}.Release|Any CPU.ActiveCfg = Release|Any CPU
		{E64B3B37-33D2-486A-9656-0DF6515CC01D}.Release|Any CPU.Build.0 = Release|Any CPU
	EndGlobalSection
	GlobalSection(SolutionProperties) = preSolution
		HideSolutionNode = FALSE
	EndGlobalSection
	GlobalSection(ExtensibilityGlobals) = postSolution
		SolutionGuid = {ABCD5FAF-C0AD-4AB0-80A8-37537AB550FD}
	EndGlobalSection
EndGlobal
